<?xml version="1.0" encoding="utf-8"?>
<Project ToolsVersion="4.0" xmlns="http://schemas.microsoft.com/developer/msbuild/2003">
  <ItemGroup>
    <Filter Include="Math">
      <UniqueIdentifier>{97a770f4-dfee-4b41-ac56-f340e6a81d53}</UniqueIdentifier>
    </Filter>
    <Filter Include="pch">
      <UniqueIdentifier>{479f833a-7ec7-477e-bafc-db0db95811d8}</UniqueIdentifier>
    </Filter>
  </ItemGroup>
  <ItemGroup>
    <ClCompile Include="Source\Math\UnrealMathUtility.cpp">
      <Filter>Math</Filter>
    </ClCompile>
    <ClCompile Include="Source\pch.cpp">
      <Filter>pch</Filter>
    </ClCompile>
  </ItemGroup>
  <ItemGroup>
    <ClInclude Include="Source\Math\UnrealMathUtility.h">
      <Filter>Math</Filter>
    </ClInclude>
    <ClInclude Include="Source\pch.h">
      <Filter>pch</Filter>
    </ClInclude>
  </ItemGroup>
</Project>