<?xml version="1.0" encoding="utf-8"?>
<Project ToolsVersion="4.0" xmlns="http://schemas.microsoft.com/developer/msbuild/2003">
  <ItemGroup>
    <Filter Include="pch">
      <UniqueIdentifier>{479f833a-7ec7-477e-bafc-db0db95811d8}</UniqueIdentifier>
    </Filter>
    <Filter Include="1_Core">
      <UniqueIdentifier>{57a416c6-81b6-47aa-beeb-11c6c9d9bbdc}</UniqueIdentifier>
    </Filter>
    <Filter Include="1_Core\Delegates">
      <UniqueIdentifier>{ccb54f37-2626-4dcf-9e83-485f44a39467}</UniqueIdentifier>
    </Filter>
    <Filter Include="1_Core\Misc">
      <UniqueIdentifier>{b40d5a80-9a83-4dcd-8a7d-c30d5bed47a3}</UniqueIdentifier>
    </Filter>
    <Filter Include="1_Core\Serialization">
      <UniqueIdentifier>{58b534a6-6bf7-4013-bac1-9b7a18357bf1}</UniqueIdentifier>
    </Filter>
    <Filter Include="1_Core\Containers">
      <UniqueIdentifier>{10191daa-5a81-48c6-996c-3693cfd16c98}</UniqueIdentifier>
    </Filter>
    <Filter Include="1_Core\Object">
      <UniqueIdentifier>{5e27c38f-bd23-4301-ab35-dff39009bb63}</UniqueIdentifier>
    </Filter>
    <Filter Include="1_Core\Math">
      <UniqueIdentifier>{80529ff4-314e-4cdb-897e-da892e6fa0ed}</UniqueIdentifier>
    </Filter>
    <Filter Include="4_Rendering">
      <UniqueIdentifier>{b94968ba-83d8-46ff-ae01-76e800b2b99d}</UniqueIdentifier>
    </Filter>
    <Filter Include="5_Platform">
      <UniqueIdentifier>{69093daa-6f31-42e2-acaf-15f1ece144fa}</UniqueIdentifier>
    </Filter>
    <Filter Include="6_Input">
      <UniqueIdentifier>{f0e2fa6b-2c08-44c8-b97d-9f00460c5c17}</UniqueIdentifier>
    </Filter>
    <Filter Include="8_WorldPartition">
      <UniqueIdentifier>{286a5737-4a8f-49a1-a9a2-d4a6ddefe048}</UniqueIdentifier>
    </Filter>
    <Filter Include="9_Interfaces">
      <UniqueIdentifier>{3c0269e8-4b02-4a43-bfec-5e81433fdaca}</UniqueIdentifier>
    </Filter>
    <Filter Include="10_ThirdParty">
      <UniqueIdentifier>{e879a830-1b4f-444e-92af-3dd0388a12a8}</UniqueIdentifier>
    </Filter>
    <Filter Include="10_ThirdParty\DirectXTex">
      <UniqueIdentifier>{3c0c1958-ab9f-4f73-b90c-b96f2208e4c0}</UniqueIdentifier>
    </Filter>
    <Filter Include="10_ThirdParty\DirectXTex\Debug">
      <UniqueIdentifier>{3d4cf764-d09a-457c-9327-42a8f40aadfa}</UniqueIdentifier>
    </Filter>
    <Filter Include="10_ThirdParty\DirectXTex\Include">
      <UniqueIdentifier>{36d68be9-c7bd-451c-8769-a2decb916be6}</UniqueIdentifier>
    </Filter>
    <Filter Include="10_ThirdParty\DirectXTex\Release">
      <UniqueIdentifier>{0a64495f-5bc4-4494-9bfd-3f8a9d8c5d77}</UniqueIdentifier>
    </Filter>
    <Filter Include="10_ThirdParty\imgui">
      <UniqueIdentifier>{0ff88ebd-e2fa-47a6-9e91-f5856f69051f}</UniqueIdentifier>
    </Filter>
    <Filter Include="10_ThirdParty\imgui\Private">
      <UniqueIdentifier>{cd5c5011-9655-491c-812a-a7deb3be243b}</UniqueIdentifier>
    </Filter>
    <Filter Include="10_ThirdParty\imgui\Public">
      <UniqueIdentifier>{d793d633-7701-4ca0-a88f-4d5d1ba6cc23}</UniqueIdentifier>
    </Filter>
    <Filter Include="10_ThirdParty\assimp">
      <UniqueIdentifier>{b8690d37-a724-4381-bfd6-d44665cd03a9}</UniqueIdentifier>
    </Filter>
    <Filter Include="10_ThirdParty\assimp\bin">
      <UniqueIdentifier>{787a98c8-1cf1-45e5-a133-b765bab721d1}</UniqueIdentifier>
    </Filter>
    <Filter Include="10_ThirdParty\assimp\lib">
      <UniqueIdentifier>{8d7e796d-0f1b-493c-8f73-ab7e6da2fd79}</UniqueIdentifier>
    </Filter>
    <Filter Include="10_ThirdParty\assimp\include">
      <UniqueIdentifier>{1913981b-701f-44d6-ae12-baada8de8768}</UniqueIdentifier>
    </Filter>
    <Filter Include="10_ThirdParty\assimp\lib\Debug">
      <UniqueIdentifier>{332112a7-cdb3-4b17-8412-f11d0c6425cf}</UniqueIdentifier>
    </Filter>
    <Filter Include="10_ThirdParty\assimp\lib\Release">
      <UniqueIdentifier>{b1142a1e-fac3-4f1a-a41c-5dcefa96a4d4}</UniqueIdentifier>
    </Filter>
    <Filter Include="10_ThirdParty\assimp\bin\Debug">
      <UniqueIdentifier>{1ea4696b-c45c-4a95-a27e-16f7f5e1289b}</UniqueIdentifier>
    </Filter>
    <Filter Include="10_ThirdParty\assimp\bin\Release">
      <UniqueIdentifier>{1576875f-54f0-40f3-ac45-1bcd6f2688f2}</UniqueIdentifier>
    </Filter>
    <Filter Include="4_Rendering\Buffer">
      <UniqueIdentifier>{3d30ed50-8749-446c-bea9-32e63337219b}</UniqueIdentifier>
    </Filter>
    <Filter Include="4_Rendering\Shader">
      <UniqueIdentifier>{98cbc138-7ff3-4f8c-98a1-ec4082bd4099}</UniqueIdentifier>
    </Filter>
    <Filter Include="4_Rendering\Blend">
      <UniqueIdentifier>{b175c330-daee-4b86-bd4b-ced59f0a56ff}</UniqueIdentifier>
    </Filter>
    <Filter Include="4_Rendering\Sampler">
      <UniqueIdentifier>{50ecdc08-b72c-4e8b-93af-b89465f778e9}</UniqueIdentifier>
    </Filter>
    <Filter Include="11_Tools">
      <UniqueIdentifier>{bb9b1b8f-c1b0-4f27-93be-6e340e17888c}</UniqueIdentifier>
    </Filter>
    <Filter Include="11_Tools\DebugGUI">
      <UniqueIdentifier>{6c0051e6-2cb9-49d9-9ef7-98376feb6a7f}</UniqueIdentifier>
    </Filter>
    <Filter Include="1_Core\Time">
      <UniqueIdentifier>{75073ebe-ffe9-4a22-ab53-ff6b199c29f1}</UniqueIdentifier>
    </Filter>
    <Filter Include="12_NavigationSystem">
      <UniqueIdentifier>{1a928d45-79d6-4625-8af4-4da6f7a7d89e}</UniqueIdentifier>
    </Filter>
    <Filter Include="12_NavigationSystem\Public">
      <UniqueIdentifier>{4339f2b6-a627-42fd-a235-87d7f30ff027}</UniqueIdentifier>
    </Filter>
    <Filter Include="12_NavigationSystem\Private">
      <UniqueIdentifier>{0252fb0e-df7b-42ac-833e-fa343bc20528}</UniqueIdentifier>
    </Filter>
    <Filter Include="1_Engine">
      <UniqueIdentifier>{43a547fe-3851-4aa6-850a-69fe8f92d364}</UniqueIdentifier>
    </Filter>
    <Filter Include="1_Engine\0_Classes">
      <UniqueIdentifier>{1f2c3a24-fa70-4c80-8ee9-4fbc575543ef}</UniqueIdentifier>
    </Filter>
    <Filter Include="1_Engine\0_Classes\Components">
      <UniqueIdentifier>{a04f112d-f00b-41dc-a241-d99b76360069}</UniqueIdentifier>
    </Filter>
    <Filter Include="1_Engine\0_Classes\Engine">
      <UniqueIdentifier>{033aa246-8d91-411e-987e-d0cbb9e3bc9c}</UniqueIdentifier>
    </Filter>
    <Filter Include="1_Engine\0_Classes\Camera">
      <UniqueIdentifier>{b1031ce6-411b-4126-a7f7-59fcd4ce3531}</UniqueIdentifier>
    </Filter>
    <Filter Include="1_Engine\0_Classes\GameFramework">
      <UniqueIdentifier>{f91fbfc4-03b5-45f5-8be4-5c79381e918d}</UniqueIdentifier>
    </Filter>
    <Filter Include="1_Engine\1_Public">
      <UniqueIdentifier>{5b53eea0-c028-4837-9824-4da3a09cb9c0}</UniqueIdentifier>
    </Filter>
    <Filter Include="1_Engine\1_Public\Materials">
      <UniqueIdentifier>{6a4b4cc1-863c-4efc-84da-9aaa126ea21f}</UniqueIdentifier>
    </Filter>
    <Filter Include="1_Engine\2_Private">
      <UniqueIdentifier>{f1b3ec75-0075-4652-9d27-6bdc2ba56434}</UniqueIdentifier>
    </Filter>
    <Filter Include="1_Engine\2_Private\Components">
      <UniqueIdentifier>{327168be-c3e2-43b6-beb3-6c2e666c0d7c}</UniqueIdentifier>
    </Filter>
    <Filter Include="1_Engine\2_Private\Camera">
      <UniqueIdentifier>{09660ec4-ff40-41d0-904a-935eaf1c4c9e}</UniqueIdentifier>
    </Filter>
    <Filter Include="1_Engine\2_Private\Materials">
      <UniqueIdentifier>{84dbd6a7-2d4e-40f6-8b99-2d6546ba8d60}</UniqueIdentifier>
    </Filter>
    <Filter Include="4_Rendering\0_Public">
      <UniqueIdentifier>{43f81dd3-e790-400b-b5b6-7a8dd518d1ae}</UniqueIdentifier>
    </Filter>
    <Filter Include="4_Rendering\0_Public\RenderTarget">
      <UniqueIdentifier>{62c98e34-24b9-49ae-bc1d-bd9147eb0ce0}</UniqueIdentifier>
    </Filter>
    <Filter Include="4_Rendering\1_Private">
      <UniqueIdentifier>{e2227a69-9756-4425-9523-186c87be7b7a}</UniqueIdentifier>
    </Filter>
    <Filter Include="4_Rendering\1_Private\RednerTarget">
      <UniqueIdentifier>{59247490-f07f-413d-a5ed-ffc316a4bcc5}</UniqueIdentifier>
    </Filter>
    <Filter Include="1_Core\0_Public">
      <UniqueIdentifier>{8fa8472a-df0b-4ae3-8051-6528d8ae98e6}</UniqueIdentifier>
    </Filter>
    <Filter Include="1_Core\0_Public\Time">
      <UniqueIdentifier>{e8c9d9b7-e357-4a2f-b1d4-2148190cd73f}</UniqueIdentifier>
    </Filter>
    <Filter Include="1_Core\1_Private">
      <UniqueIdentifier>{ee6a98af-4b0f-4cbc-8f2e-cdc71358ec4d}</UniqueIdentifier>
    </Filter>
    <Filter Include="1_Core\1_Private\Time">
      <UniqueIdentifier>{f9976374-1f3d-46a0-be6b-59ff68ccae2c}</UniqueIdentifier>
    </Filter>
    <Filter Include="3_UMG">
      <UniqueIdentifier>{8609f4c2-58f0-4deb-93ee-fab4c3f45bba}</UniqueIdentifier>
    </Filter>
    <Filter Include="3_UMG\0_Public">
      <UniqueIdentifier>{19234151-3233-4133-a2a9-2d26d0621763}</UniqueIdentifier>
    </Filter>
    <Filter Include="3_UMG\1_Private">
      <UniqueIdentifier>{95af225c-b75d-4447-b046-7c3b531c1059}</UniqueIdentifier>
    </Filter>
    <Filter Include="3_UMG\0_Public\Components">
      <UniqueIdentifier>{88a27b3e-b797-428e-9515-62b36e689b1e}</UniqueIdentifier>
    </Filter>
    <Filter Include="3_UMG\1_Private\Components">
      <UniqueIdentifier>{4f7b12ff-2c94-445e-97b2-faefd4d8520b}</UniqueIdentifier>
    </Filter>
  </ItemGroup>
  <ItemGroup>
    <ClCompile Include="Source\pch.cpp">
      <Filter>pch</Filter>
    </ClCompile>
    <ClCompile Include="Source\WorldPartition\DebugHelpers.cpp">
      <Filter>8_WorldPartition</Filter>
    </ClCompile>
    <ClCompile Include="Source\Core\Delegates\Delegate.cpp">
      <Filter>1_Core\Delegates</Filter>
    </ClCompile>
    <ClCompile Include="Source\Core\Misc\Paths.cpp">
      <Filter>1_Core\Misc</Filter>
    </ClCompile>
    <ClCompile Include="Source\Core\Misc\FileHelper.cpp">
      <Filter>1_Core\Misc</Filter>
    </ClCompile>
    <ClCompile Include="Source\Core\Serialization\Archive.cpp">
      <Filter>1_Core\Serialization</Filter>
    </ClCompile>
    <ClCompile Include="Source\Core\Misc\DirectoryHelper.cpp">
      <Filter>1_Core\Misc</Filter>
    </ClCompile>
    <ClCompile Include="Source\Core\Containers\EngineString.cpp">
      <Filter>1_Core\Containers</Filter>
    </ClCompile>
    <ClCompile Include="Source\Core\EngineCore.cpp">
      <Filter>1_Core</Filter>
    </ClCompile>
    <ClCompile Include="Source\Platform\Window.cpp">
      <Filter>5_Platform</Filter>
    </ClCompile>
    <ClCompile Include="Source\Core\Object\Object.cpp">
      <Filter>1_Core\Object</Filter>
    </ClCompile>
    <ClCompile Include="Source\Core\Math\EngineMath.cpp">
      <Filter>1_Core\Math</Filter>
    </ClCompile>
    <ClCompile Include="Source\ThirdParty\imgui\imgui_widgets.cpp">
      <Filter>10_ThirdParty\imgui\Private</Filter>
    </ClCompile>
    <ClCompile Include="Source\ThirdParty\imgui\imgui_tables.cpp">
      <Filter>10_ThirdParty\imgui\Private</Filter>
    </ClCompile>
    <ClCompile Include="Source\ThirdParty\imgui\imgui_impl_win32.cpp">
      <Filter>10_ThirdParty\imgui\Private</Filter>
    </ClCompile>
    <ClCompile Include="Source\ThirdParty\imgui\imgui_impl_dx11.cpp">
      <Filter>10_ThirdParty\imgui\Private</Filter>
    </ClCompile>
    <ClCompile Include="Source\ThirdParty\imgui\imgui_draw.cpp">
      <Filter>10_ThirdParty\imgui\Private</Filter>
    </ClCompile>
    <ClCompile Include="Source\ThirdParty\imgui\imgui.cpp">
      <Filter>10_ThirdParty\imgui\Private</Filter>
    </ClCompile>
    <ClCompile Include="Source\Input\EngineInput.cpp">
      <Filter>6_Input</Filter>
    </ClCompile>
    <ClCompile Include="Source\Rendering\EngineGraphicDevice.cpp">
      <Filter>4_Rendering</Filter>
    </ClCompile>
    <ClCompile Include="Source\Rendering\TextureLoader.cpp">
      <Filter>4_Rendering</Filter>
    </ClCompile>
    <ClCompile Include="Source\Rendering\EngineRasterizerState.cpp">
      <Filter>4_Rendering</Filter>
    </ClCompile>
    <ClCompile Include="Source\Rendering\EngineBlend.cpp">
      <Filter>4_Rendering\Blend</Filter>
    </ClCompile>
    <ClCompile Include="Source\Rendering\Shader\EnginePixelShader.cpp">
      <Filter>4_Rendering\Shader</Filter>
    </ClCompile>
    <ClCompile Include="Source\Rendering\Shader\EngineShader.cpp">
      <Filter>4_Rendering\Shader</Filter>
    </ClCompile>
    <ClCompile Include="Source\Rendering\Shader\EngineVertexShader.cpp">
      <Filter>4_Rendering\Shader</Filter>
    </ClCompile>
    <ClCompile Include="Source\Rendering\Shader\EngineShaderResource.cpp">
      <Filter>4_Rendering\Shader</Filter>
    </ClCompile>
    <ClCompile Include="Source\Rendering\Sampler\EngineSampler.cpp">
      <Filter>4_Rendering\Sampler</Filter>
    </ClCompile>
    <ClCompile Include="Source\Tools\DebugGUI\EngineGUI.cpp">
      <Filter>11_Tools\DebugGUI</Filter>
    </ClCompile>
    <ClCompile Include="Source\Tools\DebugGUI\EngineGUIWindow.cpp">
      <Filter>11_Tools\DebugGUI</Filter>
    </ClCompile>
    <ClCompile Include="Source\Rendering\Buffer\DepthStencilState.cpp">
      <Filter>4_Rendering\Buffer</Filter>
    </ClCompile>
    <ClCompile Include="Source\Rendering\Buffer\EngineConstantBuffer.cpp">
      <Filter>4_Rendering\Buffer</Filter>
    </ClCompile>
    <ClCompile Include="Source\Rendering\Buffer\EngineDeviceBuffer.cpp">
      <Filter>4_Rendering\Buffer</Filter>
    </ClCompile>
    <ClCompile Include="Source\Rendering\Buffer\IndexBuffer.cpp">
      <Filter>4_Rendering\Buffer</Filter>
    </ClCompile>
    <ClCompile Include="Source\Rendering\Buffer\VertexBuffer.cpp">
      <Filter>4_Rendering\Buffer</Filter>
    </ClCompile>
    <ClCompile Include="Source\Rendering\Buffer\EngineInputLayoutInfo.cpp">
      <Filter>4_Rendering\Buffer</Filter>
    </ClCompile>
    <ClCompile Include="Source\Rendering\Buffer\EngineVertex.cpp">
      <Filter>4_Rendering\Buffer</Filter>
    </ClCompile>
    <ClCompile Include="Source\Core\Math\EngineRandom.cpp">
      <Filter>1_Core\Math</Filter>
    </ClCompile>
    <ClCompile Include="Source\NavigationSystem\Private\NavigationSystem.cpp">
      <Filter>12_NavigationSystem\Private</Filter>
    </ClCompile>
    <ClCompile Include="Source\Engine\Private\StaticMesh.cpp">
      <Filter>1_Engine\2_Private</Filter>
    </ClCompile>
    <ClCompile Include="Source\Engine\Private\Camera\CameraActor.cpp">
      <Filter>1_Engine\2_Private\Camera</Filter>
    </ClCompile>
    <ClCompile Include="Source\Engine\Private\Camera\CameraComponent.cpp">
      <Filter>1_Engine\2_Private\Camera</Filter>
    </ClCompile>
    <ClCompile Include="Source\Engine\Private\Components\ActorComponent.cpp">
      <Filter>1_Engine\2_Private\Components</Filter>
    </ClCompile>
    <ClCompile Include="Source\Engine\Private\Components\PaperSpriteComponent.cpp">
      <Filter>1_Engine\2_Private\Components</Filter>
    </ClCompile>
    <ClCompile Include="Source\Engine\Private\Components\PrimitiveComponent.cpp">
      <Filter>1_Engine\2_Private\Components</Filter>
    </ClCompile>
    <ClCompile Include="Source\Engine\Private\Components\SceneComponent.cpp">
      <Filter>1_Engine\2_Private\Components</Filter>
    </ClCompile>
    <ClCompile Include="Source\Engine\Private\Components\ShapeComponent.cpp">
      <Filter>1_Engine\2_Private\Components</Filter>
    </ClCompile>
    <ClCompile Include="Source\Engine\Private\Components\StaticMeshComponent.cpp">
      <Filter>1_Engine\2_Private\Components</Filter>
    </ClCompile>
    <ClCompile Include="Source\Engine\Private\Level.cpp">
      <Filter>1_Engine\2_Private</Filter>
    </ClCompile>
    <ClCompile Include="Source\Engine\Private\Mesh.cpp">
      <Filter>1_Engine\2_Private</Filter>
    </ClCompile>
    <ClCompile Include="Source\Engine\Private\PaperSprite.cpp">
      <Filter>1_Engine\2_Private</Filter>
    </ClCompile>
    <ClCompile Include="Source\Engine\Private\EngineResource.cpp">
      <Filter>1_Engine\2_Private</Filter>
    </ClCompile>
    <ClCompile Include="Source\Engine\Private\SkeletalMesh.cpp">
      <Filter>1_Engine\2_Private</Filter>
    </ClCompile>
    <ClCompile Include="Source\Engine\Private\Texture.cpp">
      <Filter>1_Engine\2_Private</Filter>
    </ClCompile>
    <ClCompile Include="Source\Engine\Private\Actor.cpp">
      <Filter>1_Engine\2_Private</Filter>
    </ClCompile>
    <ClCompile Include="Source\Engine\Private\Character.cpp">
      <Filter>1_Engine\2_Private</Filter>
    </ClCompile>
    <ClCompile Include="Source\Engine\Private\GameMode.cpp">
      <Filter>1_Engine\2_Private</Filter>
    </ClCompile>
    <ClCompile Include="Source\Engine\Private\Pawn.cpp">
      <Filter>1_Engine\2_Private</Filter>
    </ClCompile>
    <ClCompile Include="Source\Engine\Private\Materials\Material.cpp">
      <Filter>1_Engine\2_Private\Materials</Filter>
    </ClCompile>
    <ClCompile Include="Source\Engine\Private\TimerManager.cpp">
      <Filter>1_Engine\2_Private</Filter>
    </ClCompile>
    <ClCompile Include="Source\Core\Private\Time\TimeEvent.cpp">
      <Filter>1_Core\1_Private\Time</Filter>
    </ClCompile>
    <ClCompile Include="Source\Core\Private\Time\Timer.cpp">
      <Filter>1_Core\1_Private\Time</Filter>
    </ClCompile>
    <ClCompile Include="Source\Rendering\Private\RenderTarget\RenderTarget.cpp">
      <Filter>4_Rendering\1_Private\RednerTarget</Filter>
    </ClCompile>
    <ClCompile Include="Source\UMG\Private\Components\Widget.cpp">
      <Filter>3_UMG\1_Private\Components</Filter>
    </ClCompile>
    <ClCompile Include="Source\Engine\Private\HUD.cpp">
      <Filter>1_Engine\2_Private</Filter>
    </ClCompile>
    <ClCompile Include="Source\Engine\Private\RenderAsset.cpp">
      <Filter>1_Engine\2_Private</Filter>
    </ClCompile>
  </ItemGroup>
  <ItemGroup>
    <ClInclude Include="Source\pch.h">
      <Filter>pch</Filter>
    </ClInclude>
    <ClInclude Include="Source\WorldPartition\DebugHelpers.h">
      <Filter>8_WorldPartition</Filter>
    </ClInclude>
    <ClInclude Include="Source\Core\Delegates\Delegate.h">
      <Filter>1_Core\Delegates</Filter>
    </ClInclude>
    <ClInclude Include="Source\Core\Misc\Paths.h">
      <Filter>1_Core\Misc</Filter>
    </ClInclude>
    <ClInclude Include="Source\Core\Misc\FileHelper.h">
      <Filter>1_Core\Misc</Filter>
    </ClInclude>
    <ClInclude Include="Source\Core\Serialization\Archive.h">
      <Filter>1_Core\Serialization</Filter>
    </ClInclude>
    <ClInclude Include="Source\Core\Misc\DirectoryHelper.h">
      <Filter>1_Core\Misc</Filter>
    </ClInclude>
    <ClInclude Include="Source\Core\Containers\EngineString.h">
      <Filter>1_Core\Containers</Filter>
    </ClInclude>
    <ClInclude Include="Source\EngineDefine.h" />
    <ClInclude Include="Source\Core\EngineCore.h">
      <Filter>1_Core</Filter>
    </ClInclude>
    <ClInclude Include="Source\Platform\Window.h">
      <Filter>5_Platform</Filter>
    </ClInclude>
    <ClInclude Include="Source\Interfaces\IContentsCore.h">
      <Filter>9_Interfaces</Filter>
    </ClInclude>
    <ClInclude Include="Source\Core\Object\Object.h">
      <Filter>1_Core\Object</Filter>
    </ClInclude>
    <ClInclude Include="Source\ThirdParty\DirectXTex\Include\DirectXTex.h">
      <Filter>10_ThirdParty\DirectXTex\Include</Filter>
    </ClInclude>
    <ClInclude Include="Source\Core\Math\EngineMath.h">
      <Filter>1_Core\Math</Filter>
    </ClInclude>
    <ClInclude Include="Source\ThirdParty\imgui\imstb_truetype.h">
      <Filter>10_ThirdParty\imgui\Public</Filter>
    </ClInclude>
    <ClInclude Include="Source\ThirdParty\imgui\imstb_textedit.h">
      <Filter>10_ThirdParty\imgui\Public</Filter>
    </ClInclude>
    <ClInclude Include="Source\ThirdParty\imgui\imstb_rectpack.h">
      <Filter>10_ThirdParty\imgui\Public</Filter>
    </ClInclude>
    <ClInclude Include="Source\ThirdParty\imgui\imgui_internal.h">
      <Filter>10_ThirdParty\imgui\Public</Filter>
    </ClInclude>
    <ClInclude Include="Source\ThirdParty\imgui\imgui_impl_win32.h">
      <Filter>10_ThirdParty\imgui\Public</Filter>
    </ClInclude>
    <ClInclude Include="Source\ThirdParty\imgui\imgui_impl_dx11.h">
      <Filter>10_ThirdParty\imgui\Public</Filter>
    </ClInclude>
    <ClInclude Include="Source\ThirdParty\imgui\imgui.h">
      <Filter>10_ThirdParty\imgui\Public</Filter>
    </ClInclude>
    <ClInclude Include="Source\ThirdParty\imgui\imconfig.h">
      <Filter>10_ThirdParty\imgui\Public</Filter>
    </ClInclude>
    <ClInclude Include="Source\Input\EngineInput.h">
      <Filter>6_Input</Filter>
    </ClInclude>
    <ClInclude Include="Source\Rendering\EngineGraphicDevice.h">
      <Filter>4_Rendering</Filter>
    </ClInclude>
    <ClInclude Include="Source\ThirdParty\assimp\include\assimp\aabb.h">
      <Filter>10_ThirdParty\assimp\include</Filter>
    </ClInclude>
    <ClInclude Include="Source\ThirdParty\assimp\include\assimp\ai_assert.h">
      <Filter>10_ThirdParty\assimp\include</Filter>
    </ClInclude>
    <ClInclude Include="Source\ThirdParty\assimp\include\assimp\anim.h">
      <Filter>10_ThirdParty\assimp\include</Filter>
    </ClInclude>
    <ClInclude Include="Source\ThirdParty\assimp\include\assimp\AssertHandler.h">
      <Filter>10_ThirdParty\assimp\include</Filter>
    </ClInclude>
    <ClInclude Include="Source\ThirdParty\assimp\include\assimp\Base64.hpp">
      <Filter>10_ThirdParty\assimp\include</Filter>
    </ClInclude>
    <ClInclude Include="Source\ThirdParty\assimp\include\assimp\BaseImporter.h">
      <Filter>10_ThirdParty\assimp\include</Filter>
    </ClInclude>
    <ClInclude Include="Source\ThirdParty\assimp\include\assimp\Bitmap.h">
      <Filter>10_ThirdParty\assimp\include</Filter>
    </ClInclude>
    <ClInclude Include="Source\ThirdParty\assimp\include\assimp\BlobIOSystem.h">
      <Filter>10_ThirdParty\assimp\include</Filter>
    </ClInclude>
    <ClInclude Include="Source\ThirdParty\assimp\include\assimp\ByteSwapper.h">
      <Filter>10_ThirdParty\assimp\include</Filter>
    </ClInclude>
    <ClInclude Include="Source\ThirdParty\assimp\include\assimp\camera.h">
      <Filter>10_ThirdParty\assimp\include</Filter>
    </ClInclude>
    <ClInclude Include="Source\ThirdParty\assimp\include\assimp\cexport.h">
      <Filter>10_ThirdParty\assimp\include</Filter>
    </ClInclude>
    <ClInclude Include="Source\ThirdParty\assimp\include\assimp\cfileio.h">
      <Filter>10_ThirdParty\assimp\include</Filter>
    </ClInclude>
    <ClInclude Include="Source\ThirdParty\assimp\include\assimp\cimport.h">
      <Filter>10_ThirdParty\assimp\include</Filter>
    </ClInclude>
    <ClInclude Include="Source\ThirdParty\assimp\include\assimp\ColladaMetaData.h">
      <Filter>10_ThirdParty\assimp\include</Filter>
    </ClInclude>
    <ClInclude Include="Source\ThirdParty\assimp\include\assimp\color4.h">
      <Filter>10_ThirdParty\assimp\include</Filter>
    </ClInclude>
    <ClInclude Include="Source\ThirdParty\assimp\include\assimp\commonMetaData.h">
      <Filter>10_ThirdParty\assimp\include</Filter>
    </ClInclude>
    <ClInclude Include="Source\ThirdParty\assimp\include\assimp\config.h">
      <Filter>10_ThirdParty\assimp\include</Filter>
    </ClInclude>
    <ClInclude Include="Source\ThirdParty\assimp\include\assimp\CreateAnimMesh.h">
      <Filter>10_ThirdParty\assimp\include</Filter>
    </ClInclude>
    <ClInclude Include="Source\ThirdParty\assimp\include\assimp\DefaultIOStream.h">
      <Filter>10_ThirdParty\assimp\include</Filter>
    </ClInclude>
    <ClInclude Include="Source\ThirdParty\assimp\include\assimp\DefaultIOSystem.h">
      <Filter>10_ThirdParty\assimp\include</Filter>
    </ClInclude>
    <ClInclude Include="Source\ThirdParty\assimp\include\assimp\DefaultLogger.hpp">
      <Filter>10_ThirdParty\assimp\include</Filter>
    </ClInclude>
    <ClInclude Include="Source\ThirdParty\assimp\include\assimp\defs.h">
      <Filter>10_ThirdParty\assimp\include</Filter>
    </ClInclude>
    <ClInclude Include="Source\ThirdParty\assimp\include\assimp\Exceptional.h">
      <Filter>10_ThirdParty\assimp\include</Filter>
    </ClInclude>
    <ClInclude Include="Source\ThirdParty\assimp\include\assimp\Exporter.hpp">
      <Filter>10_ThirdParty\assimp\include</Filter>
    </ClInclude>
    <ClInclude Include="Source\ThirdParty\assimp\include\assimp\fast_atof.h">
      <Filter>10_ThirdParty\assimp\include</Filter>
    </ClInclude>
    <ClInclude Include="Source\ThirdParty\assimp\include\assimp\GenericProperty.h">
      <Filter>10_ThirdParty\assimp\include</Filter>
    </ClInclude>
    <ClInclude Include="Source\ThirdParty\assimp\include\assimp\GltfMaterial.h">
      <Filter>10_ThirdParty\assimp\include</Filter>
    </ClInclude>
    <ClInclude Include="Source\ThirdParty\assimp\include\assimp\Hash.h">
      <Filter>10_ThirdParty\assimp\include</Filter>
    </ClInclude>
    <ClInclude Include="Source\ThirdParty\assimp\include\assimp\Importer.hpp">
      <Filter>10_ThirdParty\assimp\include</Filter>
    </ClInclude>
    <ClInclude Include="Source\ThirdParty\assimp\include\assimp\importerdesc.h">
      <Filter>10_ThirdParty\assimp\include</Filter>
    </ClInclude>
    <ClInclude Include="Source\ThirdParty\assimp\include\assimp\IOStream.hpp">
      <Filter>10_ThirdParty\assimp\include</Filter>
    </ClInclude>
    <ClInclude Include="Source\ThirdParty\assimp\include\assimp\IOStreamBuffer.h">
      <Filter>10_ThirdParty\assimp\include</Filter>
    </ClInclude>
    <ClInclude Include="Source\ThirdParty\assimp\include\assimp\IOSystem.hpp">
      <Filter>10_ThirdParty\assimp\include</Filter>
    </ClInclude>
    <ClInclude Include="Source\ThirdParty\assimp\include\assimp\light.h">
      <Filter>10_ThirdParty\assimp\include</Filter>
    </ClInclude>
    <ClInclude Include="Source\ThirdParty\assimp\include\assimp\LineSplitter.h">
      <Filter>10_ThirdParty\assimp\include</Filter>
    </ClInclude>
    <ClInclude Include="Source\ThirdParty\assimp\include\assimp\LogAux.h">
      <Filter>10_ThirdParty\assimp\include</Filter>
    </ClInclude>
    <ClInclude Include="Source\ThirdParty\assimp\include\assimp\Logger.hpp">
      <Filter>10_ThirdParty\assimp\include</Filter>
    </ClInclude>
    <ClInclude Include="Source\ThirdParty\assimp\include\assimp\LogStream.hpp">
      <Filter>10_ThirdParty\assimp\include</Filter>
    </ClInclude>
    <ClInclude Include="Source\ThirdParty\assimp\include\assimp\material.h">
      <Filter>10_ThirdParty\assimp\include</Filter>
    </ClInclude>
    <ClInclude Include="Source\ThirdParty\assimp\include\assimp\MathFunctions.h">
      <Filter>10_ThirdParty\assimp\include</Filter>
    </ClInclude>
    <ClInclude Include="Source\ThirdParty\assimp\include\assimp\matrix3x3.h">
      <Filter>10_ThirdParty\assimp\include</Filter>
    </ClInclude>
    <ClInclude Include="Source\ThirdParty\assimp\include\assimp\matrix4x4.h">
      <Filter>10_ThirdParty\assimp\include</Filter>
    </ClInclude>
    <ClInclude Include="Source\ThirdParty\assimp\include\assimp\MemoryIOWrapper.h">
      <Filter>10_ThirdParty\assimp\include</Filter>
    </ClInclude>
    <ClInclude Include="Source\ThirdParty\assimp\include\assimp\mesh.h">
      <Filter>10_ThirdParty\assimp\include</Filter>
    </ClInclude>
    <ClInclude Include="Source\ThirdParty\assimp\include\assimp\metadata.h">
      <Filter>10_ThirdParty\assimp\include</Filter>
    </ClInclude>
    <ClInclude Include="Source\ThirdParty\assimp\include\assimp\NullLogger.hpp">
      <Filter>10_ThirdParty\assimp\include</Filter>
    </ClInclude>
    <ClInclude Include="Source\ThirdParty\assimp\include\assimp\ObjMaterial.h">
      <Filter>10_ThirdParty\assimp\include</Filter>
    </ClInclude>
    <ClInclude Include="Source\ThirdParty\assimp\include\assimp\ParsingUtils.h">
      <Filter>10_ThirdParty\assimp\include</Filter>
    </ClInclude>
    <ClInclude Include="Source\ThirdParty\assimp\include\assimp\pbrmaterial.h">
      <Filter>10_ThirdParty\assimp\include</Filter>
    </ClInclude>
    <ClInclude Include="Source\ThirdParty\assimp\include\assimp\postprocess.h">
      <Filter>10_ThirdParty\assimp\include</Filter>
    </ClInclude>
    <ClInclude Include="Source\ThirdParty\assimp\include\assimp\Profiler.h">
      <Filter>10_ThirdParty\assimp\include</Filter>
    </ClInclude>
    <ClInclude Include="Source\ThirdParty\assimp\include\assimp\ProgressHandler.hpp">
      <Filter>10_ThirdParty\assimp\include</Filter>
    </ClInclude>
    <ClInclude Include="Source\ThirdParty\assimp\include\assimp\qnan.h">
      <Filter>10_ThirdParty\assimp\include</Filter>
    </ClInclude>
    <ClInclude Include="Source\ThirdParty\assimp\include\assimp\quaternion.h">
      <Filter>10_ThirdParty\assimp\include</Filter>
    </ClInclude>
    <ClInclude Include="Source\ThirdParty\assimp\include\assimp\RemoveComments.h">
      <Filter>10_ThirdParty\assimp\include</Filter>
    </ClInclude>
    <ClInclude Include="Source\ThirdParty\assimp\include\assimp\revision.h">
      <Filter>10_ThirdParty\assimp\include</Filter>
    </ClInclude>
    <ClInclude Include="Source\ThirdParty\assimp\include\assimp\scene.h">
      <Filter>10_ThirdParty\assimp\include</Filter>
    </ClInclude>
    <ClInclude Include="Source\ThirdParty\assimp\include\assimp\SceneCombiner.h">
      <Filter>10_ThirdParty\assimp\include</Filter>
    </ClInclude>
    <ClInclude Include="Source\ThirdParty\assimp\include\assimp\SGSpatialSort.h">
      <Filter>10_ThirdParty\assimp\include</Filter>
    </ClInclude>
    <ClInclude Include="Source\ThirdParty\assimp\include\assimp\SkeletonMeshBuilder.h">
      <Filter>10_ThirdParty\assimp\include</Filter>
    </ClInclude>
    <ClInclude Include="Source\ThirdParty\assimp\include\assimp\SmallVector.h">
      <Filter>10_ThirdParty\assimp\include</Filter>
    </ClInclude>
    <ClInclude Include="Source\ThirdParty\assimp\include\assimp\SmoothingGroups.h">
      <Filter>10_ThirdParty\assimp\include</Filter>
    </ClInclude>
    <ClInclude Include="Source\ThirdParty\assimp\include\assimp\SpatialSort.h">
      <Filter>10_ThirdParty\assimp\include</Filter>
    </ClInclude>
    <ClInclude Include="Source\ThirdParty\assimp\include\assimp\StandardShapes.h">
      <Filter>10_ThirdParty\assimp\include</Filter>
    </ClInclude>
    <ClInclude Include="Source\ThirdParty\assimp\include\assimp\StreamReader.h">
      <Filter>10_ThirdParty\assimp\include</Filter>
    </ClInclude>
    <ClInclude Include="Source\ThirdParty\assimp\include\assimp\StreamWriter.h">
      <Filter>10_ThirdParty\assimp\include</Filter>
    </ClInclude>
    <ClInclude Include="Source\ThirdParty\assimp\include\assimp\StringComparison.h">
      <Filter>10_ThirdParty\assimp\include</Filter>
    </ClInclude>
    <ClInclude Include="Source\ThirdParty\assimp\include\assimp\StringUtils.h">
      <Filter>10_ThirdParty\assimp\include</Filter>
    </ClInclude>
    <ClInclude Include="Source\ThirdParty\assimp\include\assimp\Subdivision.h">
      <Filter>10_ThirdParty\assimp\include</Filter>
    </ClInclude>
    <ClInclude Include="Source\ThirdParty\assimp\include\assimp\texture.h">
      <Filter>10_ThirdParty\assimp\include</Filter>
    </ClInclude>
    <ClInclude Include="Source\ThirdParty\assimp\include\assimp\TinyFormatter.h">
      <Filter>10_ThirdParty\assimp\include</Filter>
    </ClInclude>
    <ClInclude Include="Source\ThirdParty\assimp\include\assimp\types.h">
      <Filter>10_ThirdParty\assimp\include</Filter>
    </ClInclude>
    <ClInclude Include="Source\ThirdParty\assimp\include\assimp\vector2.h">
      <Filter>10_ThirdParty\assimp\include</Filter>
    </ClInclude>
    <ClInclude Include="Source\ThirdParty\assimp\include\assimp\vector3.h">
      <Filter>10_ThirdParty\assimp\include</Filter>
    </ClInclude>
    <ClInclude Include="Source\ThirdParty\assimp\include\assimp\version.h">
      <Filter>10_ThirdParty\assimp\include</Filter>
    </ClInclude>
    <ClInclude Include="Source\ThirdParty\assimp\include\assimp\Vertex.h">
      <Filter>10_ThirdParty\assimp\include</Filter>
    </ClInclude>
    <ClInclude Include="Source\ThirdParty\assimp\include\assimp\XmlParser.h">
      <Filter>10_ThirdParty\assimp\include</Filter>
    </ClInclude>
    <ClInclude Include="Source\ThirdParty\assimp\include\assimp\XMLTools.h">
      <Filter>10_ThirdParty\assimp\include</Filter>
    </ClInclude>
    <ClInclude Include="Source\ThirdParty\assimp\include\assimp\ZipArchiveIOSystem.h">
      <Filter>10_ThirdParty\assimp\include</Filter>
    </ClInclude>
    <ClInclude Include="Source\Rendering\AiMesh.h">
      <Filter>4_Rendering</Filter>
    </ClInclude>
    <ClInclude Include="Source\Rendering\TextureLoader.h">
      <Filter>4_Rendering</Filter>
    </ClInclude>
    <ClInclude Include="Source\EngineEnums.h" />
    <ClInclude Include="Source\Rendering\EngineRasterizerState.h">
      <Filter>4_Rendering</Filter>
    </ClInclude>
    <ClInclude Include="Source\Rendering\EngineBlend.h">
      <Filter>4_Rendering\Blend</Filter>
    </ClInclude>
    <ClInclude Include="Source\Rendering\Shader\EnginePixelShader.h">
      <Filter>4_Rendering\Shader</Filter>
    </ClInclude>
    <ClInclude Include="Source\Rendering\Shader\EngineShader.h">
      <Filter>4_Rendering\Shader</Filter>
    </ClInclude>
    <ClInclude Include="Source\Rendering\Shader\EngineVertexShader.h">
      <Filter>4_Rendering\Shader</Filter>
    </ClInclude>
    <ClInclude Include="Source\Rendering\Shader\EngineShaderResource.h">
      <Filter>4_Rendering\Shader</Filter>
    </ClInclude>
    <ClInclude Include="Source\Rendering\Sampler\EngineSampler.h">
      <Filter>4_Rendering\Sampler</Filter>
    </ClInclude>
    <ClInclude Include="Source\Tools\DebugGUI\EngineGUI.h">
      <Filter>11_Tools\DebugGUI</Filter>
    </ClInclude>
    <ClInclude Include="Source\Tools\DebugGUI\EngineGUIWindow.h">
      <Filter>11_Tools\DebugGUI</Filter>
    </ClInclude>
    <ClInclude Include="Source\Rendering\Buffer\DepthStencilState.h">
      <Filter>4_Rendering\Buffer</Filter>
    </ClInclude>
    <ClInclude Include="Source\Rendering\Buffer\EngineConstantBuffer.h">
      <Filter>4_Rendering\Buffer</Filter>
    </ClInclude>
    <ClInclude Include="Source\Rendering\Buffer\EngineDeviceBuffer.h">
      <Filter>4_Rendering\Buffer</Filter>
    </ClInclude>
    <ClInclude Include="Source\Rendering\Buffer\IndexBuffer.h">
      <Filter>4_Rendering\Buffer</Filter>
    </ClInclude>
    <ClInclude Include="Source\Rendering\Buffer\VertexBuffer.h">
      <Filter>4_Rendering\Buffer</Filter>
    </ClInclude>
    <ClInclude Include="Source\Rendering\Buffer\EngineInputLayoutInfo.h">
      <Filter>4_Rendering\Buffer</Filter>
    </ClInclude>
    <ClInclude Include="Source\Rendering\Buffer\EngineVertex.h">
      <Filter>4_Rendering\Buffer</Filter>
    </ClInclude>
    <ClInclude Include="Source\Core\Math\EngineRandom.h">
      <Filter>1_Core\Math</Filter>
    </ClInclude>
    <ClInclude Include="Source\NavigationSystem\Public\NavigationSystem.h">
      <Filter>12_NavigationSystem\Public</Filter>
    </ClInclude>
    <ClInclude Include="Source\Engine\Classes\Engine\StaticMesh.h">
      <Filter>1_Engine\0_Classes\Engine</Filter>
    </ClInclude>
    <ClInclude Include="Source\Engine\Classes\Camera\CameraActor.h">
      <Filter>1_Engine\0_Classes\Camera</Filter>
    </ClInclude>
    <ClInclude Include="Source\Engine\Classes\Camera\CameraComponent.h">
      <Filter>1_Engine\0_Classes\Camera</Filter>
    </ClInclude>
    <ClInclude Include="Source\Engine\Classes\Components\ActorComponent.h">
      <Filter>1_Engine\0_Classes\Components</Filter>
    </ClInclude>
    <ClInclude Include="Source\Engine\Classes\Components\PaperSpriteComponent.h">
      <Filter>1_Engine\0_Classes\Components</Filter>
    </ClInclude>
    <ClInclude Include="Source\Engine\Classes\Components\PrimitiveComponent.h">
      <Filter>1_Engine\0_Classes\Components</Filter>
    </ClInclude>
    <ClInclude Include="Source\Engine\Classes\Components\SceneComponent.h">
      <Filter>1_Engine\0_Classes\Components</Filter>
    </ClInclude>
    <ClInclude Include="Source\Engine\Classes\Components\ShapeComponent.h">
      <Filter>1_Engine\0_Classes\Components</Filter>
    </ClInclude>
    <ClInclude Include="Source\Engine\Classes\Components\StaticMeshComponent.h">
      <Filter>1_Engine\0_Classes\Components</Filter>
    </ClInclude>
    <ClInclude Include="Source\Engine\Classes\Engine\Level.h">
      <Filter>1_Engine\0_Classes\Engine</Filter>
    </ClInclude>
    <ClInclude Include="Source\Engine\Classes\Engine\Mesh.h">
      <Filter>1_Engine\0_Classes\Engine</Filter>
    </ClInclude>
    <ClInclude Include="Source\Engine\Classes\Engine\PaperSprite.h">
      <Filter>1_Engine\0_Classes\Engine</Filter>
    </ClInclude>
    <ClInclude Include="Source\Engine\Classes\Engine\EngineResource.h">
      <Filter>1_Engine\0_Classes\Engine</Filter>
    </ClInclude>
    <ClInclude Include="Source\Engine\Classes\Engine\SkeletalMesh.h">
      <Filter>1_Engine\0_Classes\Engine</Filter>
    </ClInclude>
    <ClInclude Include="Source\Engine\Classes\Engine\Texture.h">
      <Filter>1_Engine\0_Classes\Engine</Filter>
    </ClInclude>
    <ClInclude Include="Source\Engine\Classes\GameFramework\Actor.h">
      <Filter>1_Engine\0_Classes\GameFramework</Filter>
    </ClInclude>
    <ClInclude Include="Source\Engine\Classes\GameFramework\Character.h">
      <Filter>1_Engine\0_Classes\GameFramework</Filter>
    </ClInclude>
    <ClInclude Include="Source\Engine\Classes\GameFramework\GameMode.h">
      <Filter>1_Engine\0_Classes\GameFramework</Filter>
    </ClInclude>
    <ClInclude Include="Source\Engine\Classes\GameFramework\Pawn.h">
      <Filter>1_Engine\0_Classes\GameFramework</Filter>
    </ClInclude>
    <ClInclude Include="Source\Engine\Public\Materials\Material.h">
      <Filter>1_Engine\1_Public\Materials</Filter>
    </ClInclude>
    <ClInclude Include="Source\Engine\Public\TimerManager.h">
      <Filter>1_Engine\1_Public</Filter>
    </ClInclude>
    <ClInclude Include="Source\Core\Public\Time\TimeEvent.h">
      <Filter>1_Core\0_Public\Time</Filter>
    </ClInclude>
    <ClInclude Include="Source\Core\Public\Time\Timer.h">
      <Filter>1_Core\0_Public\Time</Filter>
    </ClInclude>
    <ClInclude Include="Source\Rendering\Public\RenderTarget\RenderTarget.h">
      <Filter>4_Rendering\0_Public\RenderTarget</Filter>
    </ClInclude>
    <ClInclude Include="Source\UMG\Public\Components\Widget.h">
      <Filter>3_UMG\0_Public\Components</Filter>
    </ClInclude>
    <ClInclude Include="Source\Engine\Classes\GameFramework\HUD.h">
      <Filter>1_Engine\0_Classes\GameFramework</Filter>
    </ClInclude>
    <ClInclude Include="Source\EngineStruct.h" />
    <ClInclude Include="Source\Engine\Classes\Engine\RenderAsset.h">
      <Filter>1_Engine\0_Classes\Engine</Filter>
    </ClInclude>
  </ItemGroup>
  <ItemGroup>
    <None Include="Source\ThirdParty\DirectXTex\Include\DirectXTex.inl">
      <Filter>10_ThirdParty\DirectXTex\Include</Filter>
    </None>
    <None Include="Source\ThirdParty\assimp\include\assimp\.editorconfig">
      <Filter>10_ThirdParty\assimp\include</Filter>
    </None>
    <None Include="Source\ThirdParty\assimp\include\assimp\color4.inl">
      <Filter>10_ThirdParty\assimp\include</Filter>
    </None>
    <None Include="Source\ThirdParty\assimp\include\assimp\config.h.in">
      <Filter>10_ThirdParty\assimp\include</Filter>
    </None>
    <None Include="Source\ThirdParty\assimp\include\assimp\material.inl">
      <Filter>10_ThirdParty\assimp\include</Filter>
    </None>
    <None Include="Source\ThirdParty\assimp\include\assimp\matrix3x3.inl">
      <Filter>10_ThirdParty\assimp\include</Filter>
    </None>
    <None Include="Source\ThirdParty\assimp\include\assimp\matrix4x4.inl">
      <Filter>10_ThirdParty\assimp\include</Filter>
    </None>
    <None Include="Source\ThirdParty\assimp\include\assimp\module.modulemap">
      <Filter>10_ThirdParty\assimp\include</Filter>
    </None>
    <None Include="Source\ThirdParty\assimp\include\assimp\quaternion.inl">
      <Filter>10_ThirdParty\assimp\include</Filter>
    </None>
    <None Include="Source\ThirdParty\assimp\include\assimp\revision.h.in">
      <Filter>10_ThirdParty\assimp\include</Filter>
    </None>
    <None Include="Source\ThirdParty\assimp\include\assimp\SmoothingGroups.inl">
      <Filter>10_ThirdParty\assimp\include</Filter>
    </None>
    <None Include="Source\ThirdParty\assimp\include\assimp\vector2.inl">
      <Filter>10_ThirdParty\assimp\include</Filter>
    </None>
    <None Include="Source\ThirdParty\assimp\include\assimp\vector3.inl">
      <Filter>10_ThirdParty\assimp\include</Filter>
    </None>
    <None Include="cpp.hint" />
  </ItemGroup>
  <ItemGroup>
    <Library Include="Source\ThirdParty\DirectXTex\Debug\DirectXTex_Debug.lib">
      <Filter>10_ThirdParty\DirectXTex\Debug</Filter>
    </Library>
    <Library Include="Source\ThirdParty\DirectXTex\Release\DirectXTex_Release.lib">
      <Filter>10_ThirdParty\DirectXTex\Release</Filter>
    </Library>
    <Library Include="Source\ThirdParty\assimp\lib\Debug\assimp-vc143-mtd.lib">
      <Filter>10_ThirdParty\assimp\lib\Debug</Filter>
    </Library>
    <Library Include="Source\ThirdParty\assimp\lib\Release\assimp-vc143-mt.lib">
      <Filter>10_ThirdParty\assimp\lib\Release</Filter>
    </Library>
  </ItemGroup>
  <ItemGroup>
    <CopyFileToFolders Include="Source\ThirdParty\assimp\bin\Debug\assimp-vc143-mtd.dll">
      <Filter>10_ThirdParty\assimp\bin\Debug</Filter>
    </CopyFileToFolders>
    <CopyFileToFolders Include="Source\ThirdParty\assimp\bin\Release\assimp-vc143-mt.dll">
      <Filter>10_ThirdParty\assimp\bin\Release</Filter>
    </CopyFileToFolders>
  </ItemGroup>
</Project>