<?xml version="1.0" encoding="utf-8"?>
<Project ToolsVersion="4.0" xmlns="http://schemas.microsoft.com/developer/msbuild/2003">
  <ItemGroup>
    <Filter Include="Public">
      <UniqueIdentifier>{dee55028-a92a-4942-a422-353cf61f74d1}</UniqueIdentifier>
    </Filter>
    <Filter Include="Private">
      <UniqueIdentifier>{39d1ba30-179d-4148-bbf3-c4e9720da58e}</UniqueIdentifier>
    </Filter>
    <Filter Include="Private\Items">
      <UniqueIdentifier>{1aca6faf-7940-4a3d-97a5-566e2d468d76}</UniqueIdentifier>
    </Filter>
    <Filter Include="Public\Items">
      <UniqueIdentifier>{22fefc9e-4794-49b1-93bc-95009e43c1a3}</UniqueIdentifier>
    </Filter>
    <Filter Include="Private\Items\Weapons">
      <UniqueIdentifier>{8010238d-5659-4cb3-87e6-4b73d82d68dc}</UniqueIdentifier>
    </Filter>
    <Filter Include="Public\Items\Weapons">
      <UniqueIdentifier>{c0ccf9f1-e05f-45d5-a2de-26fd5d76adb5}</UniqueIdentifier>
    </Filter>
    <Filter Include="Private\Characters">
      <UniqueIdentifier>{1f917852-01cb-46b8-80b4-a85c0832ecaf}</UniqueIdentifier>
    </Filter>
    <Filter Include="Public\Characters">
      <UniqueIdentifier>{8ed035a0-2ef1-40b2-afb8-065ef475d0db}</UniqueIdentifier>
    </Filter>
    <Filter Include="Private\GameModes">
      <UniqueIdentifier>{ca8fc114-80d5-4a81-a49e-e67eac1cb9e4}</UniqueIdentifier>
    </Filter>
    <Filter Include="Public\GameModes">
      <UniqueIdentifier>{8c4fcfc4-7382-4547-ae22-e925356bc714}</UniqueIdentifier>
    </Filter>
    <Filter Include="Public\Global">
      <UniqueIdentifier>{ec3eb9b5-dcfa-4e36-8b48-3e1419173066}</UniqueIdentifier>
    </Filter>
    <Filter Include="Private\Global">
      <UniqueIdentifier>{65d78c6c-8440-44c2-9204-af7512dd7954}</UniqueIdentifier>
    </Filter>
    <Filter Include="Private\UI">
      <UniqueIdentifier>{db40680b-d0cf-4dd2-a58f-c3f069b93c38}</UniqueIdentifier>
    </Filter>
    <Filter Include="Public\UI">
      <UniqueIdentifier>{6a340c9d-c74a-4014-bd2b-9843f9b9b15a}</UniqueIdentifier>
    </Filter>
    <Filter Include="Public\UI\Widget">
      <UniqueIdentifier>{ed011927-4ee8-4fbd-be37-643ae0bcffd3}</UniqueIdentifier>
    </Filter>
    <Filter Include="Private\UI\Widget">
      <UniqueIdentifier>{b70c0e94-586b-45f1-b466-787e0abb1ace}</UniqueIdentifier>
    </Filter>
    <Filter Include="Private\UI\HUD">
      <UniqueIdentifier>{c4f8ae39-f4dd-4494-ba47-9ccd40bc8bf2}</UniqueIdentifier>
    </Filter>
    <Filter Include="Public\UI\HUD">
      <UniqueIdentifier>{8b0b4064-c722-41c0-8793-28a216577298}</UniqueIdentifier>
    </Filter>
    <Filter Include="Public\Characters\Enemy">
      <UniqueIdentifier>{51bf7be1-7cd0-4805-8793-cc6862b000e2}</UniqueIdentifier>
    </Filter>
    <Filter Include="Private\Characters\Enemy">
      <UniqueIdentifier>{50471c10-2dbf-4e3e-9ec9-299c395f41c6}</UniqueIdentifier>
    </Filter>
    <Filter Include="Private\Maps">
      <UniqueIdentifier>{a94dbce4-5eed-4331-9a2d-3a878a8e3331}</UniqueIdentifier>
    </Filter>
    <Filter Include="Public\Maps">
      <UniqueIdentifier>{41eb4c2f-573a-48f8-9965-2e47e6e5e099}</UniqueIdentifier>
    </Filter>
    <Filter Include="Public\Global\GameInstance">
      <UniqueIdentifier>{5088a952-20b2-4bd8-8694-0dc9aef1faa3}</UniqueIdentifier>
    </Filter>
    <Filter Include="Private\Global\GameInstance">
      <UniqueIdentifier>{f735938b-59c2-4ccb-855b-ff63d6660f0c}</UniqueIdentifier>
    </Filter>
    <Filter Include="Private\Editor">
      <UniqueIdentifier>{a5ddbfba-ae87-4e1d-865b-c056d8aa2e4e}</UniqueIdentifier>
    </Filter>
    <Filter Include="Public\Editor">
      <UniqueIdentifier>{e13df91a-7e2a-41f0-89cb-3f6af766877d}</UniqueIdentifier>
    </Filter>
    <Filter Include="Private\WAD">
      <UniqueIdentifier>{94ba5b97-fd7f-40a0-8d49-b6237a45ea8a}</UniqueIdentifier>
    </Filter>
    <Filter Include="Public\WAD">
      <UniqueIdentifier>{1726bc7e-b087-481e-af42-e966d41c217c}</UniqueIdentifier>
    </Filter>
    <Filter Include="Public\NavigationSystem">
      <UniqueIdentifier>{cd642b25-9e64-462f-9e83-fafaaf35e54e}</UniqueIdentifier>
    </Filter>
    <Filter Include="Private\NavigationSystem">
      <UniqueIdentifier>{73d69a0a-ac5e-4c3e-96e4-6098e4f5787e}</UniqueIdentifier>
    </Filter>
    <Filter Include="Private\Core">
      <UniqueIdentifier>{430422b7-adda-4e96-a8c2-5169c0d0bbf9}</UniqueIdentifier>
    </Filter>
    <Filter Include="Public\Core">
      <UniqueIdentifier>{34477e50-8263-4b48-ba91-578b2270f276}</UniqueIdentifier>
    </Filter>
  </ItemGroup>
  <ItemGroup>
    <ClCompile Include="Source\Private\Items\Weapons\BaseWeapon.cpp">
      <Filter>Private\Items\Weapons</Filter>
    </ClCompile>
    <ClCompile Include="Source\Private\Items\Weapons\Bullet.cpp">
      <Filter>Private\Items\Weapons</Filter>
    </ClCompile>
    <ClCompile Include="Source\Private\Characters\DoomGuy.cpp">
      <Filter>Private\Characters</Filter>
    </ClCompile>
    <ClCompile Include="Source\Private\GameModes\E1M1GameMode.cpp">
      <Filter>Private\GameModes</Filter>
    </ClCompile>
    <ClCompile Include="Source\Private\GameModes\NavMeshGameMode.cpp">
      <Filter>Private\GameModes</Filter>
    </ClCompile>
    <ClCompile Include="Source\Private\GameModes\TileMapGameMode.cpp">
      <Filter>Private\GameModes</Filter>
    </ClCompile>
    <ClCompile Include="Source\Private\GameModes\TitleGameMode.cpp">
      <Filter>Private\GameModes</Filter>
    </ClCompile>
    <ClCompile Include="Source\Private\Global\DoomStructs.cpp">
      <Filter>Private\Global</Filter>
    </ClCompile>
    <ClCompile Include="Source\Private\UI\Widget\TitleLogo.cpp">
      <Filter>Private\UI\Widget</Filter>
    </ClCompile>
    <ClCompile Include="Source\Private\UI\HUD\E1M1HUD.cpp">
      <Filter>Private\UI\HUD</Filter>
    </ClCompile>
    <ClCompile Include="Source\Private\UI\HUD\TitleHUD.cpp">
      <Filter>Private\UI\HUD</Filter>
    </ClCompile>
    <ClCompile Include="Source\Private\Characters\Enemy\EnemyCharacter.cpp">
      <Filter>Private\Characters\Enemy</Filter>
    </ClCompile>
    <ClCompile Include="Source\Private\Maps\E1M1Map.cpp">
      <Filter>Private\Maps</Filter>
    </ClCompile>
    <ClCompile Include="Source\Private\Global\GameInstance\DoomGameInstance.cpp">
      <Filter>Private\Global\GameInstance</Filter>
    </ClCompile>
    <ClCompile Include="Source\Private\Editor\GUIEditor.cpp">
      <Filter>Private\Editor</Filter>
    </ClCompile>
    <ClCompile Include="Source\Private\WAD\Lump.cpp">
      <Filter>Private\WAD</Filter>
    </ClCompile>
    <ClCompile Include="Source\Private\WAD\Wad.cpp">
      <Filter>Private\WAD</Filter>
    </ClCompile>
    <ClCompile Include="Source\Private\WAD\WadMap.cpp">
      <Filter>Private\WAD</Filter>
    </ClCompile>
    <ClCompile Include="Source\Private\NavigationSystem\NavMeshCharacter.cpp">
      <Filter>Private\NavigationSystem</Filter>
    </ClCompile>
    <ClCompile Include="Source\Private\NavigationSystem\NavMeshComponent.cpp">
      <Filter>Private\NavigationSystem</Filter>
    </ClCompile>
    <ClCompile Include="Source\Private\NavigationSystem\NavMeshMap.cpp">
      <Filter>Private\NavigationSystem</Filter>
    </ClCompile>
    <ClCompile Include="Source\Private\NavigationSystem\NavMeshResource.cpp">
      <Filter>Private\NavigationSystem</Filter>
    </ClCompile>
    <ClCompile Include="Source\Private\Core\DoomCore.cpp">
      <Filter>Private\Core</Filter>
    </ClCompile>
    <ClCompile Include="Source\Doom.cpp" />
    <ClCompile Include="Source\Private\Items\Weapons\GunWeapon.cpp">
      <Filter>Private\Items\Weapons</Filter>
    </ClCompile>
    <ClCompile Include="Source\Private\Items\Weapons\ShotgunWeapon.cpp">
      <Filter>Private\Items\Weapons</Filter>
    </ClCompile>
  </ItemGroup>
  <ItemGroup>
    <ClInclude Include="Source\Public\Items\Weapons\BaseWeapon.h">
      <Filter>Public\Items\Weapons</Filter>
    </ClInclude>
    <ClInclude Include="Source\Public\Items\Weapons\Bullet.h">
      <Filter>Public\Items\Weapons</Filter>
    </ClInclude>
    <ClInclude Include="Source\Public\Characters\DoomGuy.h">
      <Filter>Public\Characters</Filter>
    </ClInclude>
    <ClInclude Include="Source\Public\GameModes\E1M1GameMode.h">
      <Filter>Public\GameModes</Filter>
    </ClInclude>
    <ClInclude Include="Source\Public\GameModes\NavMeshGameMode.h">
      <Filter>Public\GameModes</Filter>
    </ClInclude>
    <ClInclude Include="Source\Public\GameModes\TileMapGameMode.h">
      <Filter>Public\GameModes</Filter>
    </ClInclude>
    <ClInclude Include="Source\Public\GameModes\TitleGameMode.h">
      <Filter>Public\GameModes</Filter>
    </ClInclude>
    <ClInclude Include="Source\Public\Global\DoomStructs.h">
      <Filter>Public\Global</Filter>
    </ClInclude>
    <ClInclude Include="Source\Public\UI\Widget\TitleLogo.h">
      <Filter>Public\UI\Widget</Filter>
    </ClInclude>
    <ClInclude Include="Source\Public\UI\HUD\E1M1HUD.h">
      <Filter>Public\UI\HUD</Filter>
    </ClInclude>
    <ClInclude Include="Source\Public\UI\HUD\TitleHUD.h">
      <Filter>Public\UI\HUD</Filter>
    </ClInclude>
    <ClInclude Include="Source\Public\Characters\Enemy\EnemyCharacter.h">
      <Filter>Public\Characters\Enemy</Filter>
    </ClInclude>
    <ClInclude Include="Source\Public\Maps\E1M1Map.h">
      <Filter>Public\Maps</Filter>
    </ClInclude>
    <ClInclude Include="Source\Public\Global\GameInstance\DoomGameInstance.h">
      <Filter>Public\Global\GameInstance</Filter>
    </ClInclude>
    <ClInclude Include="Source\Public\Editor\GUIEditor.h">
      <Filter>Public\Editor</Filter>
    </ClInclude>
    <ClInclude Include="Source\Public\WAD\Lump.h">
      <Filter>Public\WAD</Filter>
    </ClInclude>
    <ClInclude Include="Source\Public\WAD\Wad.h">
      <Filter>Public\WAD</Filter>
    </ClInclude>
    <ClInclude Include="Source\Public\WAD\WadMap.h">
      <Filter>Public\WAD</Filter>
    </ClInclude>
    <ClInclude Include="Source\Public\NavigationSystem\NavMeshCharacter.h">
      <Filter>Public\NavigationSystem</Filter>
    </ClInclude>
    <ClInclude Include="Source\Public\NavigationSystem\NavMeshComponent.h">
      <Filter>Public\NavigationSystem</Filter>
    </ClInclude>
    <ClInclude Include="Source\Public\NavigationSystem\NavMeshMap.h">
      <Filter>Public\NavigationSystem</Filter>
    </ClInclude>
    <ClInclude Include="Source\Public\NavigationSystem\NavMeshResource.h">
      <Filter>Public\NavigationSystem</Filter>
    </ClInclude>
    <ClInclude Include="Source\Public\Core\DoomCore.h">
      <Filter>Public\Core</Filter>
    </ClInclude>
    <ClInclude Include="Source\Doom.h" />
    <ClInclude Include="Source\Public\Items\Weapons\GunWeapon.h">
      <Filter>Public\Items\Weapons</Filter>
    </ClInclude>
    <ClInclude Include="Source\Public\Items\Weapons\ShotgunWeapon.h">
      <Filter>Public\Items\Weapons</Filter>
    </ClInclude>
  </ItemGroup>
</Project>