<?xml version="1.0" encoding="utf-8"?>
<Project ToolsVersion="4.0" xmlns="http://schemas.microsoft.com/developer/msbuild/2003">
  <ItemGroup>
    <Filter Include="pch">
      <UniqueIdentifier>{814e1042-457f-4c86-8a6e-900ca2e63916}</UniqueIdentifier>
    </Filter>
    <Filter Include="0_DoomGuy">
      <UniqueIdentifier>{aaea3ddf-772c-45d7-be20-3d7282abeae6}</UniqueIdentifier>
    </Filter>
    <Filter Include="Core">
      <UniqueIdentifier>{65b975fc-6ad6-4121-a08c-ba27e55a248d}</UniqueIdentifier>
    </Filter>
    <Filter Include="1_GameMode">
      <UniqueIdentifier>{4187ed8d-8c2c-45a3-8072-dc8f31dcb832}</UniqueIdentifier>
    </Filter>
    <Filter Include="1_GameMode\0_Title">
      <UniqueIdentifier>{2068ac7d-2712-4ada-877f-9e1c362b356e}</UniqueIdentifier>
    </Filter>
    <Filter Include="1_GameMode\1_Round1">
      <UniqueIdentifier>{4c6df9d0-05e7-4298-b333-2bb9e2e1a9a9}</UniqueIdentifier>
    </Filter>
    <Filter Include="2_Actor">
      <UniqueIdentifier>{a9e83b51-d9fd-4b93-93e5-40a2acbaa453}</UniqueIdentifier>
    </Filter>
    <Filter Include="2_Actor\0_Title">
      <UniqueIdentifier>{d89f4c95-63c6-4f70-9b45-974948ef870e}</UniqueIdentifier>
    </Filter>
    <Filter Include="3_Components">
      <UniqueIdentifier>{58f93bdb-9a5f-4238-9fcb-1055cf9365d0}</UniqueIdentifier>
    </Filter>
    <Filter Include="1_GameMode\2_Round1Score">
      <UniqueIdentifier>{f668ac9e-e991-40a3-811a-56e37993a94b}</UniqueIdentifier>
    </Filter>
    <Filter Include="Shaders">
      <UniqueIdentifier>{ce67c0e6-1e66-44cf-8dcb-4d6620729cd0}</UniqueIdentifier>
    </Filter>
    <Filter Include="2_Actor\1_Round1">
      <UniqueIdentifier>{2548844e-bdba-4fed-8131-a72c2db43c59}</UniqueIdentifier>
    </Filter>
    <Filter Include="4_Utils">
      <UniqueIdentifier>{080d5ac3-8e3d-4fe7-a700-f17e76e1cc19}</UniqueIdentifier>
    </Filter>
  </ItemGroup>
  <ItemGroup>
    <ClCompile Include="Source\DoomGuy\DoomGuy.cpp">
      <Filter>0_DoomGuy</Filter>
    </ClCompile>
    <ClCompile Include="Source\pch.cpp">
      <Filter>pch</Filter>
    </ClCompile>
    <ClCompile Include="Source\Core\DoomCore.cpp">
      <Filter>Core</Filter>
    </ClCompile>
    <ClCompile Include="Source\GameMode\Round1GameMode.cpp">
      <Filter>1_GameMode\1_Round1</Filter>
    </ClCompile>
    <ClCompile Include="Source\GameMode\TitleGameMode.cpp">
      <Filter>1_GameMode\0_Title</Filter>
    </ClCompile>
    <ClCompile Include="Source\Actor\TitleLogo.cpp">
      <Filter>2_Actor\0_Title</Filter>
    </ClCompile>
    <ClCompile Include="Source\Componennts\DoomMapComponent.cpp">
      <Filter>3_Components</Filter>
    </ClCompile>
    <ClCompile Include="Source\Actor\Round1\DoomMap.cpp">
      <Filter>2_Actor\1_Round1</Filter>
    </ClCompile>
    <ClCompile Include="Source\Componennts\LineComponent.cpp">
      <Filter>3_Components</Filter>
    </ClCompile>
    <ClCompile Include="Source\Utils\Wad.cpp">
      <Filter>4_Utils</Filter>
    </ClCompile>
  </ItemGroup>
  <ItemGroup>
    <ClInclude Include="Source\DoomGuy\DoomGuy.h">
      <Filter>0_DoomGuy</Filter>
    </ClInclude>
    <ClInclude Include="Source\pch.h">
      <Filter>pch</Filter>
    </ClInclude>
    <ClInclude Include="Source\Core\DoomCore.h">
      <Filter>Core</Filter>
    </ClInclude>
    <ClInclude Include="Source\GameMode\Round1GameMode.h">
      <Filter>1_GameMode\1_Round1</Filter>
    </ClInclude>
    <ClInclude Include="Source\GameMode\TitleGameMode.h">
      <Filter>1_GameMode\0_Title</Filter>
    </ClInclude>
    <ClInclude Include="Source\Actor\TitleLogo.h">
      <Filter>2_Actor\0_Title</Filter>
    </ClInclude>
    <ClInclude Include="Source\Componennts\DoomMapComponent.h">
      <Filter>3_Components</Filter>
    </ClInclude>
    <ClInclude Include="Source\Actor\Round1\DoomMap.h">
      <Filter>2_Actor\1_Round1</Filter>
    </ClInclude>
    <ClInclude Include="Source\Componennts\LineComponent.h">
      <Filter>3_Components</Filter>
    </ClInclude>
    <ClInclude Include="Source\Utils\Wad.h">
      <Filter>4_Utils</Filter>
    </ClInclude>
  </ItemGroup>
  <ItemGroup>
    <FxCompile Include="Shaders\DoomMapShader.fx">
      <Filter>Shaders</Filter>
    </FxCompile>
  </ItemGroup>
</Project>